<Solution>
  <Project Path="JuegoHeroes/JuegoHeroes.csproj" Id="03252cb5-284b-46b4-ae94-6473c14ad76c" />
  <Project Path="JuegoHeroesss/JuegoHeroesss.csproj" Id="17dc31a3-bfa7-418f-9e2f-7d46c0795d23" />
  <Project Path="LoginPrueba/LoginPrueba.csproj" Id="0a0a065d-ae33-432b-aa6f-b98041400165" />
</Solution>
